
Microsoft Visual Studio Solution File, Format Version 12.00
# Visual Studio 14
VisualStudioVersion = 14.0.23107.0
MinimumVisualStudioVersion = 10.0.40219.1
Project("{8BC9CEB8-8B4A-11D0-8D11-00A0C91BC942}") = "rom2sf", "rom2sf.vcxproj", "{C098A57A-9A84-4B42-A8EE-26ECC390B192}"
EndProject
Global
	GlobalSection(SolutionConfigurationPlatforms) = preSolution
		Debug|Win32 = Debug|Win32
		Debug|x64 = Debug|x64
		Release|Win32 = Release|Win32
		Release|x64 = Release|x64
	EndGlobalSection
	GlobalSection(ProjectConfigurationPlatforms) = postSolution
		{C098A57A-9A84-4B42-A8EE-26ECC390B192}.Debug|Win32.ActiveCfg = Debug|Win32
		{C098A57A-9A84-4B42-A8EE-26ECC390B192}.Debug|Win32.Build.0 = Debug|Win32
		{C098A57A-9A84-4B42-A8EE-26ECC390B192}.Debug|x64.ActiveCfg = Debug|x64
		{C098A57A-9A84-4B42-A8EE-26ECC390B192}.Debug|x64.Build.0 = Debug|x64
		{C098A57A-9A84-4B42-A8EE-26ECC390B192}.Release|Win32.ActiveCfg = Release|Win32
		{C098A57A-9A84-4B42-A8EE-26ECC390B192}.Release|Win32.Build.0 = Release|Win32
		{C098A57A-9A84-4B42-A8EE-26ECC390B192}.Release|x64.ActiveCfg = Release|x64
		{C098A57A-9A84-4B42-A8EE-26ECC390B192}.Release|x64.Build.0 = Release|x64
	EndGlobalSection
	GlobalSection(SolutionProperties) = preSolution
		HideSolutionNode = FALSE
	EndGlobalSection
EndGlobal
